
Microsoft Visual Studio Solution File, Format Version 12.00
# Visual Studio Version 16
VisualStudioVersion = 16.0.30907.101
MinimumVisualStudioVersion = 10.0.40219.1
Project("{FAE04EC0-301F-11D3-BF4B-00C04F79EFBC}") = "WebApp Joachim Webbsite Framework", "WebApp Joachim Webbsite Framework\WebApp Joachim Webbsite Framework.csproj", "{1EF0A8A6-2672-40AA-9C4E-D6BDC5338E64}"
EndProject
Project("{9A19103F-16F7-4668-BE54-9A1E7A4F7556}") = "LvlApiClass", "ApiClass\LvlApiClass.csproj", "{D3BC2549-94BD-4A97-A904-A1E103E5518A}"
EndProject
Project("{9A19103F-16F7-4668-BE54-9A1E7A4F7556}") = "Backend_Processing", "Backend_Processing\Backend_Processing.csproj", "{AE7C1315-2E34-4163-9753-9E2C9344E0F8}"
EndProject
Project("{00D1A9C2-B5F0-4AF3-8072-F6C62B433612}") = "ProjectDatabase", "ProjectDatabase\ProjectDatabase.sqlproj", "{1F2CEA2A-7593-4256-A21E-A57F92075BC9}"
EndProject
Global
	GlobalSection(SolutionConfigurationPlatforms) = preSolution
		Debug|Any CPU = Debug|Any CPU
		Release|Any CPU = Release|Any CPU
	EndGlobalSection
	GlobalSection(ProjectConfigurationPlatforms) = postSolution
		{1EF0A8A6-2672-40AA-9C4E-D6BDC5338E64}.Debug|Any CPU.ActiveCfg = Debug|Any CPU
		{1EF0A8A6-2672-40AA-9C4E-D6BDC5338E64}.Debug|Any CPU.Build.0 = Debug|Any CPU
		{1EF0A8A6-2672-40AA-9C4E-D6BDC5338E64}.Release|Any CPU.ActiveCfg = Release|Any CPU
		{1EF0A8A6-2672-40AA-9C4E-D6BDC5338E64}.Release|Any CPU.Build.0 = Release|Any CPU
		{D3BC2549-94BD-4A97-A904-A1E103E5518A}.Debug|Any CPU.ActiveCfg = Debug|Any CPU
		{D3BC2549-94BD-4A97-A904-A1E103E5518A}.Debug|Any CPU.Build.0 = Debug|Any CPU
		{D3BC2549-94BD-4A97-A904-A1E103E5518A}.Release|Any CPU.ActiveCfg = Release|Any CPU
		{D3BC2549-94BD-4A97-A904-A1E103E5518A}.Release|Any CPU.Build.0 = Release|Any CPU
		{AE7C1315-2E34-4163-9753-9E2C9344E0F8}.Debug|Any CPU.ActiveCfg = Debug|Any CPU
		{AE7C1315-2E34-4163-9753-9E2C9344E0F8}.Debug|Any CPU.Build.0 = Debug|Any CPU
		{AE7C1315-2E34-4163-9753-9E2C9344E0F8}.Release|Any CPU.ActiveCfg = Release|Any CPU
		{AE7C1315-2E34-4163-9753-9E2C9344E0F8}.Release|Any CPU.Build.0 = Release|Any CPU
		{1F2CEA2A-7593-4256-A21E-A57F92075BC9}.Debug|Any CPU.ActiveCfg = Debug|Any CPU
		{1F2CEA2A-7593-4256-A21E-A57F92075BC9}.Debug|Any CPU.Build.0 = Debug|Any CPU
		{1F2CEA2A-7593-4256-A21E-A57F92075BC9}.Debug|Any CPU.Deploy.0 = Debug|Any CPU
		{1F2CEA2A-7593-4256-A21E-A57F92075BC9}.Release|Any CPU.ActiveCfg = Release|Any CPU
		{1F2CEA2A-7593-4256-A21E-A57F92075BC9}.Release|Any CPU.Build.0 = Release|Any CPU
		{1F2CEA2A-7593-4256-A21E-A57F92075BC9}.Release|Any CPU.Deploy.0 = Release|Any CPU
	EndGlobalSection
	GlobalSection(SolutionProperties) = preSolution
		HideSolutionNode = FALSE
	EndGlobalSection
	GlobalSection(ExtensibilityGlobals) = postSolution
		SolutionGuid = {FF48C605-3854-4965-93FC-B4C46FFBA009}
	EndGlobalSection
EndGlobal
